
Microsoft Visual Studio Solution File, Format Version 12.00
# Visual Studio Version 17
VisualStudioVersion = 17.0.32112.339
MinimumVisualStudioVersion = 10.0.40219.1
Project("{FAE04EC0-301F-11D3-BF4B-00C04F79EFBC}") = "T01. Data Types", "T01. Data Types\T01. Data Types.csproj", "{1F8A26BC-8317-4DEC-895B-407823729A91}"
EndProject
Project("{FAE04EC0-301F-11D3-BF4B-00C04F79EFBC}") = "T02. Center Point", "T02. Center Point\T02. Center Point.csproj", "{3A705FA9-2582-46C1-BDEC-3F2E53E87C9B}"
EndProject
Project("{FAE04EC0-301F-11D3-BF4B-00C04F79EFBC}") = "T03. Longer Line", "T03. Longer Line\T03. Longer Line.csproj", "{CAD73C5B-D62A-4169-9298-67644586C11E}"
EndProject
Project("{FAE04EC0-301F-11D3-BF4B-00C04F79EFBC}") = "T04. Tribonacci Sequence", "T04. Tribonacci Sequence\T04. Tribonacci Sequence.csproj", "{528BC522-C952-4C67-98F7-1C4AC05AF7CF}"
EndProject
Project("{FAE04EC0-301F-11D3-BF4B-00C04F79EFBC}") = "T05. Multiplication Sign", "T05. Multiplication Sign\T05. Multiplication Sign.csproj", "{4F06C2B2-F41D-4CDB-996F-81F5F6EB57BB}"
EndProject
Global
	GlobalSection(SolutionConfigurationPlatforms) = preSolution
		Debug|Any CPU = Debug|Any CPU
		Release|Any CPU = Release|Any CPU
	EndGlobalSection
	GlobalSection(ProjectConfigurationPlatforms) = postSolution
		{1F8A26BC-8317-4DEC-895B-407823729A91}.Debug|Any CPU.ActiveCfg = Debug|Any CPU
		{1F8A26BC-8317-4DEC-895B-407823729A91}.Debug|Any CPU.Build.0 = Debug|Any CPU
		{1F8A26BC-8317-4DEC-895B-407823729A91}.Release|Any CPU.ActiveCfg = Release|Any CPU
		{1F8A26BC-8317-4DEC-895B-407823729A91}.Release|Any CPU.Build.0 = Release|Any CPU
		{3A705FA9-2582-46C1-BDEC-3F2E53E87C9B}.Debug|Any CPU.ActiveCfg = Debug|Any CPU
		{3A705FA9-2582-46C1-BDEC-3F2E53E87C9B}.Debug|Any CPU.Build.0 = Debug|Any CPU
		{3A705FA9-2582-46C1-BDEC-3F2E53E87C9B}.Release|Any CPU.ActiveCfg = Release|Any CPU
		{3A705FA9-2582-46C1-BDEC-3F2E53E87C9B}.Release|Any CPU.Build.0 = Release|Any CPU
		{CAD73C5B-D62A-4169-9298-67644586C11E}.Debug|Any CPU.ActiveCfg = Debug|Any CPU
		{CAD73C5B-D62A-4169-9298-67644586C11E}.Debug|Any CPU.Build.0 = Debug|Any CPU
		{CAD73C5B-D62A-4169-9298-67644586C11E}.Release|Any CPU.ActiveCfg = Release|Any CPU
		{CAD73C5B-D62A-4169-9298-67644586C11E}.Release|Any CPU.Build.0 = Release|Any CPU
		{528BC522-C952-4C67-98F7-1C4AC05AF7CF}.Debug|Any CPU.ActiveCfg = Debug|Any CPU
		{528BC522-C952-4C67-98F7-1C4AC05AF7CF}.Debug|Any CPU.Build.0 = Debug|Any CPU
		{528BC522-C952-4C67-98F7-1C4AC05AF7CF}.Release|Any CPU.ActiveCfg = Release|Any CPU
		{528BC522-C952-4C67-98F7-1C4AC05AF7CF}.Release|Any CPU.Build.0 = Release|Any CPU
		{4F06C2B2-F41D-4CDB-996F-81F5F6EB57BB}.Debug|Any CPU.ActiveCfg = Debug|Any CPU
		{4F06C2B2-F41D-4CDB-996F-81F5F6EB57BB}.Debug|Any CPU.Build.0 = Debug|Any CPU
		{4F06C2B2-F41D-4CDB-996F-81F5F6EB57BB}.Release|Any CPU.ActiveCfg = Release|Any CPU
		{4F06C2B2-F41D-4CDB-996F-81F5F6EB57BB}.Release|Any CPU.Build.0 = Release|Any CPU
	EndGlobalSection
	GlobalSection(SolutionProperties) = preSolution
		HideSolutionNode = FALSE
	EndGlobalSection
	GlobalSection(ExtensibilityGlobals) = postSolution
		SolutionGuid = {15C0A3C0-6012-432E-B4A2-5330EEE3B483}
	EndGlobalSection
EndGlobal
